Microsoft Visual Studio Solution File, Format Version 12.00
# Visual Studio Version 17
VisualStudioVersion = 17.5.2.0
MinimumVisualStudioVersion = 10.0.40219.1
Project("{FAE04EC0-301F-11D3-BF4B-00C04F79EFBC}") = "moment1.1_dotnet", "moment1.1_dotnet.csproj", "{69446A89-2CDC-9824-9CE2-399D18E93B77}"
EndProject
Global
	GlobalSection(SolutionConfigurationPlatforms) = preSolution
		Debug|Any CPU = Debug|Any CPU
		Release|Any CPU = Release|Any CPU
	EndGlobalSection
	GlobalSection(ProjectConfigurationPlatforms) = postSolution
		{69446A89-2CDC-9824-9CE2-399D18E93B77}.Debug|Any CPU.ActiveCfg = Debug|Any CPU
		{69446A89-2CDC-9824-9CE2-399D18E93B77}.Debug|Any CPU.Build.0 = Debug|Any CPU
		{69446A89-2CDC-9824-9CE2-399D18E93B77}.Release|Any CPU.ActiveCfg = Release|Any CPU
		{69446A89-2CDC-9824-9CE2-399D18E93B77}.Release|Any CPU.Build.0 = Release|Any CPU
	EndGlobalSection
	GlobalSection(SolutionProperties) = preSolution
		HideSolutionNode = FALSE
	EndGlobalSection
	GlobalSection(ExtensibilityGlobals) = postSolution
		SolutionGuid = {0B8F6CE5-18E5-4783-BA56-17B71D337C8F}
	EndGlobalSection
EndGlobal
